
Microsoft Visual Studio Solution File, Format Version 12.00
# Visual Studio Version 16
VisualStudioVersion = 16.0.31729.503
MinimumVisualStudioVersion = 10.0.40219.1
Project("{9A19103F-16F7-4668-BE54-9A1E7A4F7556}") = "ServerUsdEuro", "ServerUsdEuro.csproj", "{1D300B37-C887-491E-B218-D38098E787B2}"
EndProject
Global
	GlobalSection(SolutionConfigurationPlatforms) = preSolution
		Debug|Any CPU = Debug|Any CPU
		Release|Any CPU = Release|Any CPU
	EndGlobalSection
	GlobalSection(ProjectConfigurationPlatforms) = postSolution
		{1D300B37-C887-491E-B218-D38098E787B2}.Debug|Any CPU.ActiveCfg = Debug|Any CPU
		{1D300B37-C887-491E-B218-D38098E787B2}.Debug|Any CPU.Build.0 = Debug|Any CPU
		{1D300B37-C887-491E-B218-D38098E787B2}.Release|Any CPU.ActiveCfg = Release|Any CPU
		{1D300B37-C887-491E-B218-D38098E787B2}.Release|Any CPU.Build.0 = Release|Any CPU
	EndGlobalSection
	GlobalSection(SolutionProperties) = preSolution
		HideSolutionNode = FALSE
	EndGlobalSection
	GlobalSection(ExtensibilityGlobals) = postSolution
		SolutionGuid = {C96322C7-9515-44CB-BD2F-6CA0A520D825}
	EndGlobalSection
EndGlobal
